
Microsoft Visual Studio Solution File, Format Version 12.00
# Visual Studio Version 17
VisualStudioVersion = 17.7.34031.279
MinimumVisualStudioVersion = 10.0.40219.1
Project("{9A19103F-16F7-4668-BE54-9A1E7A4F7556}") = "WpfFastFilter", "WpfFastFilter.csproj", "{5955E017-72E2-4BC3-81F4-F652A39795C7}"
EndProject
Global
	GlobalSection(SolutionConfigurationPlatforms) = preSolution
		Debug|Any CPU = Debug|Any CPU
		Release|Any CPU = Release|Any CPU
	EndGlobalSection
	GlobalSection(ProjectConfigurationPlatforms) = postSolution
		{5955E017-72E2-4BC3-81F4-F652A39795C7}.Debug|Any CPU.ActiveCfg = Debug|Any CPU
		{5955E017-72E2-4BC3-81F4-F652A39795C7}.Debug|Any CPU.Build.0 = Debug|Any CPU
		{5955E017-72E2-4BC3-81F4-F652A39795C7}.Release|Any CPU.ActiveCfg = Release|Any CPU
		{5955E017-72E2-4BC3-81F4-F652A39795C7}.Release|Any CPU.Build.0 = Release|Any CPU
	EndGlobalSection
	GlobalSection(SolutionProperties) = preSolution
		HideSolutionNode = FALSE
	EndGlobalSection
	GlobalSection(ExtensibilityGlobals) = postSolution
		SolutionGuid = {11B1A4E4-FD4A-4D78-BB16-C42D5AB090ED}
	EndGlobalSection
EndGlobal
